
Microsoft Visual Studio Solution File, Format Version 11.00
# Visual Studio 2010
Project("{FAE04EC0-301F-11D3-BF4B-00C04F79EFBC}") = "XInputDotNetPure", "XInputDotNetPure\XInputDotNetPure.csproj", "{952700CD-A384-43A4-AC4B-52256F83836E}"
	ProjectSection(ProjectDependencies) = postProject
		{1967D61A-FB64-463C-BB3C-BB6E90FBC76F} = {1967D61A-FB64-463C-BB3C-BB6E90FBC76F}
	EndProjectSection
EndProject
Project("{8BC9CEB8-8B4A-11D0-8D11-00A0C91BC942}") = "XInputInterface", "XInputInterface\XInputInterface.vcxproj", "{1967D61A-FB64-463C-BB3C-BB6E90FBC76F}"
EndProject
Project("{FAE04EC0-301F-11D3-BF4B-00C04F79EFBC}") = "XInputDemo", "XInputDemo\XInputDemo.csproj", "{11D9E8F7-228D-4984-9E45-570AD26BE8A9}"
EndProject
Project("{FAE04EC0-301F-11D3-BF4B-00C04F79EFBC}") = "XInputReporter", "XInputReporter\XInputReporter.csproj", "{AE527B52-7BE7-4BC2-8228-E475F65461A5}"
EndProject
Global
	GlobalSection(SolutionConfigurationPlatforms) = preSolution
		Debug|Windows = Debug|Windows
		Release|Windows = Release|Windows
	EndGlobalSection
	GlobalSection(ProjectConfigurationPlatforms) = postSolution
		{952700CD-A384-43A4-AC4B-52256F83836E}.Debug|Windows.ActiveCfg = Debug|x86
		{952700CD-A384-43A4-AC4B-52256F83836E}.Debug|Windows.Build.0 = Debug|x86
		{952700CD-A384-43A4-AC4B-52256F83836E}.Release|Windows.ActiveCfg = Release|x86
		{952700CD-A384-43A4-AC4B-52256F83836E}.Release|Windows.Build.0 = Release|x86
		{1967D61A-FB64-463C-BB3C-BB6E90FBC76F}.Debug|Windows.ActiveCfg = Debug|Win32
		{1967D61A-FB64-463C-BB3C-BB6E90FBC76F}.Debug|Windows.Build.0 = Debug|Win32
		{1967D61A-FB64-463C-BB3C-BB6E90FBC76F}.Release|Windows.ActiveCfg = Release|Win32
		{1967D61A-FB64-463C-BB3C-BB6E90FBC76F}.Release|Windows.Build.0 = Release|Win32
		{11D9E8F7-228D-4984-9E45-570AD26BE8A9}.Debug|Windows.ActiveCfg = Debug|x86
		{11D9E8F7-228D-4984-9E45-570AD26BE8A9}.Debug|Windows.Build.0 = Debug|x86
		{11D9E8F7-228D-4984-9E45-570AD26BE8A9}.Release|Windows.ActiveCfg = Release|x86
		{11D9E8F7-228D-4984-9E45-570AD26BE8A9}.Release|Windows.Build.0 = Release|x86
		{AE527B52-7BE7-4BC2-8228-E475F65461A5}.Debug|Windows.ActiveCfg = Debug|x86
		{AE527B52-7BE7-4BC2-8228-E475F65461A5}.Debug|Windows.Build.0 = Debug|x86
		{AE527B52-7BE7-4BC2-8228-E475F65461A5}.Release|Windows.ActiveCfg = Release|x86
		{AE527B52-7BE7-4BC2-8228-E475F65461A5}.Release|Windows.Build.0 = Release|x86
	EndGlobalSection
	GlobalSection(SolutionProperties) = preSolution
		HideSolutionNode = FALSE
	EndGlobalSection
EndGlobal
